// !$*UTF8*$!
{
	archiveVersion = 1;
	classes = {
	};
	objectVersion = 46;
	objects = {

/* Begin PBXBuildFile section */
		26A278C919507B7000BF661D /* AppDelegate.swift in Sources */ = {isa = PBXBuildFile; fileRef = 26A278C819507B7000BF661D /* AppDelegate.swift */; };
		26A278CB19507B7000BF661D /* SearchResultsViewController.swift in Sources */ = {isa = PBXBuildFile; fileRef = 26A278CA19507B7000BF661D /* SearchResultsViewController.swift */; };
		26A278CE19507B7000BF661D /* Main.storyboard in Resources */ = {isa = PBXBuildFile; fileRef = 26A278CC19507B7000BF661D /* Main.storyboard */; };
		26A278D019507B7000BF661D /* Images.xcassets in Resources */ = {isa = PBXBuildFile; fileRef = 26A278CF19507B7000BF661D /* Images.xcassets */; };
		26A278DC19507B7000BF661D /* TestSwiftTests.swift in Sources */ = {isa = PBXBuildFile; fileRef = 26A278DB19507B7000BF661D /* TestSwiftTests.swift */; };
		26A278E719519C2300BF661D /* APIController.swift in Sources */ = {isa = PBXBuildFile; fileRef = 26A278E619519C2300BF661D /* APIController.swift */; };
/* End PBXBuildFile section */

/* Begin PBXContainerItemProxy section */
		26A278D619507B7000BF661D /* PBXContainerItemProxy */ = {
			isa = PBXContainerItemProxy;
			containerPortal = 26A278BB19507B7000BF661D /* Project object */;
			proxyType = 1;
			remoteGlobalIDString = 26A278C219507B7000BF661D;
			remoteInfo = TestSwift;
		};
/* End PBXContainerItemProxy section */

/* Begin PBXFileReference section */
		26A278C319507B7000BF661D /* TestSwift.app */ = {isa = PBXFileReference; explicitFileType = wrapper.application; includeInIndex = 0; path = TestSwift.app; sourceTree = BUILT_PRODUCTS_DIR; };
		26A278C719507B7000BF661D /* Info.plist */ = {isa = PBXFileReference; lastKnownFileType = text.plist.xml; path = Info.plist; sourceTree = "<group>"; };
		26A278C819507B7000BF661D /* AppDelegate.swift */ = {isa = PBXFileReference; lastKnownFileType = sourcecode.swift; path = AppDelegate.swift; sourceTree = "<group>"; };
		26A278CA19507B7000BF661D /* SearchResultsViewController.swift */ = {isa = PBXFileReference; lastKnownFileType = sourcecode.swift; path = SearchResultsViewController.swift; sourceTree = "<group>"; };
		26A278CD19507B7000BF661D /* Base */ = {isa = PBXFileReference; lastKnownFileType = file.storyboard; name = Base; path = Base.lproj/Main.storyboard; sourceTree = "<group>"; };
		26A278CF19507B7000BF661D /* Images.xcassets */ = {isa = PBXFileReference; lastKnownFileType = folder.assetcatalog; path = Images.xcassets; sourceTree = "<group>"; };
		26A278D519507B7000BF661D /* TestSwiftTests.xctest */ = {isa = PBXFileReference; explicitFileType = wrapper.cfbundle; includeInIndex = 0; path = TestSwiftTests.xctest; sourceTree = BUILT_PRODUCTS_DIR; };
		26A278DA19507B7000BF661D /* Info.plist */ = {isa = PBXFileReference; lastKnownFileType = text.plist.xml; path = Info.plist; sourceTree = "<group>"; };
		26A278DB19507B7000BF661D /* TestSwiftTests.swift */ = {isa = PBXFileReference; lastKnownFileType = sourcecode.swift; path = TestSwiftTests.swift; sourceTree = "<group>"; };
		26A278E619519C2300BF661D /* APIController.swift */ = {isa = PBXFileReference; fileEncoding = 4; lastKnownFileType = sourcecode.swift; path = APIController.swift; sourceTree = "<group>"; };
/* End PBXFileReference section */

/* Begin PBXFrameworksBuildPhase section */
		26A278C019507B7000BF661D /* Frameworks */ = {
			isa = PBXFrameworksBuildPhase;
			buildActionMask = 2147483647;
			files = (
			);
			runOnlyForDeploymentPostprocessing = 0;
		};
		26A278D219507B7000BF661D /* Frameworks */ = {
			isa = PBXFrameworksBuildPhase;
			buildActionMask = 2147483647;
			files = (
			);
			runOnlyForDeploymentPostprocessing = 0;
		};
/* End PBXFrameworksBuildPhase section */

/* Begin PBXGroup section */
		26A278BA19507B7000BF661D = {
			isa = PBXGroup;
			children = (
				26A278C519507B7000BF661D /* TestSwift */,
				26A278D819507B7000BF661D /* TestSwiftTests */,
				26A278C419507B7000BF661D /* Products */,
			);
			sourceTree = "<group>";
		};
		26A278C419507B7000BF661D /* Products */ = {
			isa = PBXGroup;
			children = (
				26A278C319507B7000BF661D /* TestSwift.app */,
				26A278D519507B7000BF661D /* TestSwiftTests.xctest */,
			);
			name = Products;
			sourceTree = "<group>";
		};
		26A278C519507B7000BF661D /* TestSwift */ = {
			isa = PBXGroup;
			children = (
				26A278C819507B7000BF661D /* AppDelegate.swift */,
				26A278CA19507B7000BF661D /* SearchResultsViewController.swift */,
				26A278E619519C2300BF661D /* APIController.swift */,
				26A278CC19507B7000BF661D /* Main.storyboard */,
				26A278CF19507B7000BF661D /* Images.xcassets */,
				26A278C619507B7000BF661D /* Supporting Files */,
			);
			path = TestSwift;
			sourceTree = "<group>";
		};
		26A278C619507B7000BF661D /* Supporting Files */ = {
			isa = PBXGroup;
			children = (
				26A278C719507B7000BF661D /* Info.plist */,
			);
			name = "Supporting Files";
			sourceTree = "<group>";
		};
		26A278D819507B7000BF661D /* TestSwiftTests */ = {
			isa = PBXGroup;
			children = (
				26A278DB19507B7000BF661D /* TestSwiftTests.swift */,
				26A278D919507B7000BF661D /* Supporting Files */,
			);
			path = TestSwiftTests;
			sourceTree = "<group>";
		};
		26A278D919507B7000BF661D /* Supporting Files */ = {
			isa = PBXGroup;
			children = (
				26A278DA19507B7000BF661D /* Info.plist */,
			);
			name = "Supporting Files";
			sourceTree = "<group>";
		};
/* End PBXGroup section */

/* Begin PBXNativeTarget section */
		26A278C219507B7000BF661D /* TestSwift */ = {
			isa = PBXNativeTarget;
			buildConfigurationList = 26A278DF19507B7000BF661D /* Build configuration list for PBXNativeTarget "TestSwift" */;
			buildPhases = (
				26A278BF19507B7000BF661D /* Sources */,
				26A278C019507B7000BF661D /* Frameworks */,
				26A278C119507B7000BF661D /* Resources */,
			);
			buildRules = (
			);
			dependencies = (
			);
			name = TestSwift;
			productName = TestSwift;
			productReference = 26A278C319507B7000BF661D /* TestSwift.app */;
			productType = "com.apple.product-type.application";
		};
		26A278D419507B7000BF661D /* TestSwiftTests */ = {
			isa = PBXNativeTarget;
			buildConfigurationList = 26A278E219507B7000BF661D /* Build configuration list for PBXNativeTarget "TestSwiftTests" */;
			buildPhases = (
				26A278D119507B7000BF661D /* Sources */,
				26A278D219507B7000BF661D /* Frameworks */,
				26A278D319507B7000BF661D /* Resources */,
			);
			buildRules = (
			);
			dependencies = (
				26A278D719507B7000BF661D /* PBXTargetDependency */,
			);
			name = TestSwiftTests;
			productName = TestSwiftTests;
			productReference = 26A278D519507B7000BF661D /* TestSwiftTests.xctest */;
			productType = "com.apple.product-type.bundle.unit-test";
		};
/* End PBXNativeTarget section */

/* Begin PBXProject section */
		26A278BB19507B7000BF661D /* Project object */ = {
			isa = PBXProject;
			attributes = {
				LastUpgradeCheck = 0600;
				ORGANIZATIONNAME = "Akademon Ltd.";
				TargetAttributes = {
					26A278C219507B7000BF661D = {
						CreatedOnToolsVersion = 6.0;
					};
					26A278D419507B7000BF661D = {
						CreatedOnToolsVersion = 6.0;
						TestTargetID = 26A278C219507B7000BF661D;
					};
				};
			};
			buildConfigurationList = 26A278BE19507B7000BF661D /* Build configuration list for PBXProject "TestSwift" */;
			compatibilityVersion = "Xcode 3.2";
			developmentRegion = English;
			hasScannedForEncodings = 0;
			knownRegions = (
				en,
				Base,
			);
			mainGroup = 26A278BA19507B7000BF661D;
			productRefGroup = 26A278C419507B7000BF661D /* Products */;
			projectDirPath = "";
			projectRoot = "";
			targets = (
				26A278C219507B7000BF661D /* TestSwift */,
				26A278D419507B7000BF661D /* TestSwiftTests */,
			);
		};
/* End PBXProject section */

/* Begin PBXResourcesBuildPhase section */
		26A278C119507B7000BF661D /* Resources */ = {
			isa = PBXResourcesBuildPhase;
			buildActionMask = 2147483647;
			files = (
				26A278CE19507B7000BF661D /* Main.storyboard in Resources */,
				26A278D019507B7000BF661D /* Images.xcassets in Resources */,
			);
			runOnlyForDeploymentPostprocessing = 0;
		};
		26A278D319507B7000BF661D /* Resources */ = {
			isa = PBXResourcesBuildPhase;
			buildActionMask = 2147483647;
			files = (
			);
			runOnlyForDeploymentPostprocessing = 0;
		};
/* End PBXResourcesBuildPhase section */

/* Begin PBXSourcesBuildPhase section */
		26A278BF19507B7000BF661D /* Sources */ = {
			isa = PBXSourcesBuildPhase;
			buildActionMask = 2147483647;
			files = (
				26A278CB19507B7000BF661D /* SearchResultsViewController.swift in Sources */,
				26A278C919507B7000BF661D /* AppDelegate.swift in Sources */,
				26A278E719519C2300BF661D /* APIController.swift in Sources */,
			);
			runOnlyForDeploymentPostprocessing = 0;
		};
		26A278D119507B7000BF661D /* Sources */ = {
			isa = PBXSourcesBuildPhase;
			buildActionMask = 2147483647;
			files = (
				26A278DC19507B7000BF661D /* TestSwiftTests.swift in Sources */,
			);
			runOnlyForDeploymentPostprocessing = 0;
		};
/* End PBXSourcesBuildPhase section */

/* Begin PBXTargetDependency section */
		26A278D719507B7000BF661D /* PBXTargetDependency */ = {
			isa = PBXTargetDependency;
			target = 26A278C219507B7000BF661D /* TestSwift */;
			targetProxy = 26A278D619507B7000BF661D /* PBXContainerItemProxy */;
		};
/* End PBXTargetDependency section */

/* Begin PBXVariantGroup section */
		26A278CC19507B7000BF661D /* Main.storyboard */ = {
			isa = PBXVariantGroup;
			children = (
				26A278CD19507B7000BF661D /* Base */,
			);
			name = Main.storyboard;
			sourceTree = "<group>";
		};
/* End PBXVariantGroup section */

/* Begin XCBuildConfiguration section */
		26A278DD19507B7000BF661D /* Debug */ = {
			isa = XCBuildConfiguration;
			buildSettings = {
				ALWAYS_SEARCH_USER_PATHS = NO;
				CLANG_CXX_LANGUAGE_STANDARD = "gnu++0x";
				CLANG_CXX_LIBRARY = "libc++";
				CLANG_ENABLE_MODULES = YES;
				CLANG_ENABLE_OBJC_ARC = YES;
				CLANG_WARN_BOOL_CONVERSION = YES;
				CLANG_WARN_CONSTANT_CONVERSION = YES;
				CLANG_WARN_DIRECT_OBJC_ISA_USAGE = YES_ERROR;
				CLANG_WARN_EMPTY_BODY = YES;
				CLANG_WARN_ENUM_CONVERSION = YES;
				CLANG_WARN_INT_CONVERSION = YES;
				CLANG_WARN_OBJC_ROOT_CLASS = YES_ERROR;
				CLANG_WARN_UNREACHABLE_CODE = YES;
				CLANG_WARN__DUPLICATE_METHOD_MATCH = YES;
				"CODE_SIGN_IDENTITY[sdk=iphoneos*]" = "iPhone Developer";
				COPY_PHASE_STRIP = NO;
				ENABLE_STRICT_OBJC_MSGSEND = YES;
				GCC_C_LANGUAGE_STANDARD = gnu99;
				GCC_DYNAMIC_NO_PIC = NO;
				GCC_OPTIMIZATION_LEVEL = 0;
				GCC_PREPROCESSOR_DEFINITIONS = (
					"DEBUG=1",
					"$(inherited)",
				);
				GCC_SYMBOLS_PRIVATE_EXTERN = NO;
				GCC_WARN_64_TO_32_BIT_CONVERSION = YES;
				GCC_WARN_ABOUT_RETURN_TYPE = YES_ERROR;
				GCC_WARN_UNDECLARED_SELECTOR = YES;
				GCC_WARN_UNINITIALIZED_AUTOS = YES_AGGRESSIVE;
				GCC_WARN_UNUSED_FUNCTION = YES;
				GCC_WARN_UNUSED_VARIABLE = YES;
				IPHONEOS_DEPLOYMENT_TARGET = 8.0;
				METAL_ENABLE_DEBUG_INFO = YES;
				ONLY_ACTIVE_ARCH = YES;
				SDKROOT = iphoneos;
				SWIFT_OPTIMIZATION_LEVEL = "-Onone";
				TARGETED_DEVICE_FAMILY = "1,2";
			};
			name = Debug;
		};
		26A278DE19507B7000BF661D /* Release */ = {
			isa = XCBuildConfiguration;
			buildSettings = {
				ALWAYS_SEARCH_USER_PATHS = NO;
				CLANG_CXX_LANGUAGE_STANDARD = "gnu++0x";
				CLANG_CXX_LIBRARY = "libc++";
				CLANG_ENABLE_MODULES = YES;
				CLANG_ENABLE_OBJC_ARC = YES;
				CLANG_WARN_BOOL_CONVERSION = YES;
				CLANG_WARN_CONSTANT_CONVERSION = YES;
				CLANG_WARN_DIRECT_OBJC_ISA_USAGE = YES_ERROR;
				CLANG_WARN_EMPTY_BODY = YES;
				CLANG_WARN_ENUM_CONVERSION = YES;
				CLANG_WARN_INT_CONVERSION = YES;
				CLANG_WARN_OBJC_ROOT_CLASS = YES_ERROR;
				CLANG_WARN_UNREACHABLE_CODE = YES;
				CLANG_WARN__DUPLICATE_METHOD_MATCH = YES;
				"CODE_SIGN_IDENTITY[sdk=iphoneos*]" = "iPhone Developer";
				COPY_PHASE_STRIP = YES;
				ENABLE_NS_ASSERTIONS = NO;
				ENABLE_STRICT_OBJC_MSGSEND = YES;
				GCC_C_LANGUAGE_STANDARD = gnu99;
				GCC_WARN_64_TO_32_BIT_CONVERSION = YES;
				GCC_WARN_ABOUT_RETURN_TYPE = YES_ERROR;
				GCC_WARN_UNDECLARED_SELECTOR = YES;
				GCC_WARN_UNINITIALIZED_AUTOS = YES_AGGRESSIVE;
				GCC_WARN_UNUSED_FUNCTION = YES;
				GCC_WARN_UNUSED_VARIABLE = YES;
				IPHONEOS_DEPLOYMENT_TARGET = 8.0;
				METAL_ENABLE_DEBUG_INFO = NO;
				SDKROOT = iphoneos;
				TARGETED_DEVICE_FAMILY = "1,2";
				VALIDATE_PRODUCT = YES;
			};
			name = Release;
		};
		26A278E019507B7000BF661D /* Debug */ = {
			isa = XCBuildConfiguration;
			buildSettings = {
				ASSETCATALOG_COMPILER_APPICON_NAME = AppIcon;
				ASSETCATALOG_COMPILER_LAUNCHIMAGE_NAME = LaunchImage;
				INFOPLIST_FILE = TestSwift/Info.plist;
				LD_RUNPATH_SEARCH_PATHS = "$(inherited) @executable_path/Frameworks";
				PRODUCT_NAME = "$(TARGET_NAME)";
			};
			name = Debug;
		};
		26A278E119507B7000BF661D /* Release */ = {
			isa = XCBuildConfiguration;
			buildSettings = {
				ASSETCATALOG_COMPILER_APPICON_NAME = AppIcon;
				ASSETCATALOG_COMPILER_LAUNCHIMAGE_NAME = LaunchImage;
				INFOPLIST_FILE = TestSwift/Info.plist;
				LD_RUNPATH_SEARCH_PATHS = "$(inherited) @executable_path/Frameworks";
				PRODUCT_NAME = "$(TARGET_NAME)";
			};
			name = Release;
		};
		26A278E319507B7000BF661D /* Debug */ = {
			isa = XCBuildConfiguration;
			buildSettings = {
				BUNDLE_LOADER = "$(BUILT_PRODUCTS_DIR)/TestSwift.app/TestSwift";
				FRAMEWORK_SEARCH_PATHS = (
					"$(SDKROOT)/Developer/Library/Frameworks",
					"$(inherited)",
				);
				GCC_PREPROCESSOR_DEFINITIONS = (
					"DEBUG=1",
					"$(inherited)",
				);
				INFOPLIST_FILE = TestSwiftTests/Info.plist;
				LD_RUNPATH_SEARCH_PATHS = "$(inherited) @executable_path/Frameworks @loader_path/Frameworks";
				METAL_ENABLE_DEBUG_INFO = YES;
				PRODUCT_NAME = "$(TARGET_NAME)";
				TEST_HOST = "$(BUNDLE_LOADER)";
			};
			name = Debug;
		};
		26A278E419507B7000BF661D /* Release */ = {
			isa = XCBuildConfiguration;
			buildSettings = {
				BUNDLE_LOADER = "$(BUILT_PRODUCTS_DIR)/TestSwift.app/TestSwift";
				FRAMEWORK_SEARCH_PATHS = (
					"$(SDKROOT)/Developer/Library/Frameworks",
					"$(inherited)",
				);
				INFOPLIST_FILE = TestSwiftTests/Info.plist;
				LD_RUNPATH_SEARCH_PATHS = "$(inherited) @executable_path/Frameworks @loader_path/Frameworks";
				METAL_ENABLE_DEBUG_INFO = NO;
				PRODUCT_NAME = "$(TARGET_NAME)";
				TEST_HOST = "$(BUNDLE_LOADER)";
			};
			name = Release;
		};
/* End XCBuildConfiguration section */

/* Begin XCConfigurationList section */
		26A278BE19507B7000BF661D /* Build configuration list for PBXProject "TestSwift" */ = {
			isa = XCConfigurationList;
			buildConfigurations = (
				26A278DD19507B7000BF661D /* Debug */,
				26A278DE19507B7000BF661D /* Release */,
			);
			defaultConfigurationIsVisible = 0;
			defaultConfigurationName = Release;
		};
		26A278DF19507B7000BF661D /* Build configuration list for PBXNativeTarget "TestSwift" */ = {
			isa = XCConfigurationList;
			buildConfigurations = (
				26A278E019507B7000BF661D /* Debug */,
				26A278E119507B7000BF661D /* Release */,
			);
			defaultConfigurationIsVisible = 0;
		};
		26A278E219507B7000BF661D /* Build configuration list for PBXNativeTarget "TestSwiftTests" */ = {
			isa = XCConfigurationList;
			buildConfigurations = (
				26A278E319507B7000BF661D /* Debug */,
				26A278E419507B7000BF661D /* Release */,
			);
			defaultConfigurationIsVisible = 0;
		};
/* End XCConfigurationList section */
	};
	rootObject = 26A278BB19507B7000BF661D /* Project object */;
}
